
Microsoft Visual Studio Solution File, Format Version 12.00
# Visual Studio Version 16
VisualStudioVersion = 16.0.30330.147
MinimumVisualStudioVersion = 15.0.26124.0
Project("{2150E333-8FDC-42A3-9474-1A3956D46DE8}") = "src", "src", "{7FE8D677-2B6F-40E0-98E4-BBEB3C7387CA}"
	ProjectSection(SolutionItems) = preProject
		src\tye.yaml = src\tye.yaml
	EndProjectSection
EndProject
Project("{2150E333-8FDC-42A3-9474-1A3956D46DE8}") = "root", "root", "{6FCC29CD-B957-4C10-9322-1B6A54061BA5}"
	ProjectSection(SolutionItems) = preProject
		.gitignore = .gitignore
		Directory.Build.props = Directory.Build.props
		global.json = global.json
		LICENSE.md = LICENSE.md
		README.md = README.md
	EndProjectSection
EndProject
Project("{2150E333-8FDC-42A3-9474-1A3956D46DE8}") = "tests", "tests", "{0C1D8981-8228-4C22-8F51-D2DEA28EC0D0}"
EndProject
Project("{9A19103F-16F7-4668-BE54-9A1E7A4F7556}") = "Identity.Api", "src\Identity.Api\Identity.Api.csproj", "{2EE907CD-EF94-40EB-9EA1-E4516BE8F9BD}"
EndProject
Project("{9A19103F-16F7-4668-BE54-9A1E7A4F7556}") = "UI.Web", "src\UI.Web\UI.Web.csproj", "{22AEBE70-DF3F-4F20-98D8-6F46EFB3A8B7}"
EndProject
Project("{9A19103F-16F7-4668-BE54-9A1E7A4F7556}") = "UI", "src\UI\UI.csproj", "{9705097A-3C84-4A3E-8CDB-2664CFFF38BB}"
EndProject
Project("{9A19103F-16F7-4668-BE54-9A1E7A4F7556}") = "Abstractions", "src\Abstractions\Abstractions.csproj", "{B38ABD4A-44EA-4315-BB9F-9C0C2836A2AB}"
EndProject
Project("{9A19103F-16F7-4668-BE54-9A1E7A4F7556}") = "CoreHost", "src\CoreHost\CoreHost.csproj", "{30EF3DC8-9140-41CD-A6B6-521F2E0C504F}"
EndProject
Project("{9A19103F-16F7-4668-BE54-9A1E7A4F7556}") = "Microservice.Infrastructure", "src\Microservice.Infrastructure\Microservice.Infrastructure.csproj", "{B99BD5CB-1ABA-49D5-AF75-C420F770C949}"
EndProject
Project("{9A19103F-16F7-4668-BE54-9A1E7A4F7556}") = "Microservice.Core", "src\Microservice.Core\Microservice.Core.csproj", "{3ECAA14C-6E98-4847-B46A-897E0588B348}"
EndProject
Project("{9A19103F-16F7-4668-BE54-9A1E7A4F7556}") = "Microservice", "src\Microservice\Microservice.csproj", "{8D830905-6DB4-465D-BE29-D757ADED80C4}"
EndProject
Project("{9A19103F-16F7-4668-BE54-9A1E7A4F7556}") = "Microservice.RestApi", "src\Microservice.RestApi\Microservice.RestApi.csproj", "{4EF5E9BA-B7EB-4CC9-8EA1-3417FA9A292D}"
EndProject
Project("{9A19103F-16F7-4668-BE54-9A1E7A4F7556}") = "Microservice.Mqtt", "src\Microservice.Mqtt\Microservice.Mqtt.csproj", "{ECC6CA84-B360-4337-9BA4-0DB8E3E3728A}"
EndProject
Project("{9A19103F-16F7-4668-BE54-9A1E7A4F7556}") = "NodeIot.Core", "src\NodeIot.Core\NodeIot.Core.csproj", "{AAA3B746-AA2F-489E-B256-91C999C384D2}"
EndProject
Project("{9A19103F-16F7-4668-BE54-9A1E7A4F7556}") = "Microservice.Tests.Integration", "tests\Microservice.Tests.Integration\Microservice.Tests.Integration.csproj", "{89F53572-90F3-4EE3-BE32-D5AB8B2DE24E}"
EndProject
Project("{9A19103F-16F7-4668-BE54-9A1E7A4F7556}") = "Microservice.Tests.Unit", "tests\Microservice.Tests.Unit\Microservice.Tests.Unit.csproj", "{3BC78D60-400C-4086-9AF6-6BBC94475F10}"
EndProject
Project("{9A19103F-16F7-4668-BE54-9A1E7A4F7556}") = "NodeIot.Runner", "src\NodeIot.Runner\NodeIot.Runner.csproj", "{4455057D-41B2-498A-B644-53B756DC198D}"
EndProject
Project("{9A19103F-16F7-4668-BE54-9A1E7A4F7556}") = "NodeIot.Devices", "src\NodeIot.Devices\NodeIot.Devices.csproj", "{C518FE07-6119-4D8C-856A-8AC47813AF06}"
EndProject
Project("{9A19103F-16F7-4668-BE54-9A1E7A4F7556}") = "Identity.UI", "src\Identity.UI\Identity.UI.csproj", "{0E942E00-27DA-4ED4-9C9D-E3F8660C01F1}"
EndProject
Project("{9A19103F-16F7-4668-BE54-9A1E7A4F7556}") = "Identity", "src\Identity\Identity.csproj", "{0461E25E-0AE2-4611-AE3E-968B4A3D3545}"
EndProject
Project("{9A19103F-16F7-4668-BE54-9A1E7A4F7556}") = "CoreWeb", "src\CoreWeb\CoreWeb.csproj", "{391AE154-A821-4A07-8584-66B408A876FF}"
EndProject
Project("{9A19103F-16F7-4668-BE54-9A1E7A4F7556}") = "Microservice.Worker", "src\Microservice.Worker\Microservice.Worker.csproj", "{32B8EBFF-9965-45FB-8525-5D81EE1467A1}"
EndProject
Global
	GlobalSection(SolutionConfigurationPlatforms) = preSolution
		Debug|Any CPU = Debug|Any CPU
		Debug|x64 = Debug|x64
		Debug|x86 = Debug|x86
		Release|Any CPU = Release|Any CPU
		Release|x64 = Release|x64
		Release|x86 = Release|x86
	EndGlobalSection
	GlobalSection(ProjectConfigurationPlatforms) = postSolution
		{2EE907CD-EF94-40EB-9EA1-E4516BE8F9BD}.Debug|Any CPU.ActiveCfg = Debug|Any CPU
		{2EE907CD-EF94-40EB-9EA1-E4516BE8F9BD}.Debug|Any CPU.Build.0 = Debug|Any CPU
		{2EE907CD-EF94-40EB-9EA1-E4516BE8F9BD}.Debug|x64.ActiveCfg = Debug|Any CPU
		{2EE907CD-EF94-40EB-9EA1-E4516BE8F9BD}.Debug|x64.Build.0 = Debug|Any CPU
		{2EE907CD-EF94-40EB-9EA1-E4516BE8F9BD}.Debug|x86.ActiveCfg = Debug|Any CPU
		{2EE907CD-EF94-40EB-9EA1-E4516BE8F9BD}.Debug|x86.Build.0 = Debug|Any CPU
		{2EE907CD-EF94-40EB-9EA1-E4516BE8F9BD}.Release|Any CPU.ActiveCfg = Release|Any CPU
		{2EE907CD-EF94-40EB-9EA1-E4516BE8F9BD}.Release|Any CPU.Build.0 = Release|Any CPU
		{2EE907CD-EF94-40EB-9EA1-E4516BE8F9BD}.Release|x64.ActiveCfg = Release|Any CPU
		{2EE907CD-EF94-40EB-9EA1-E4516BE8F9BD}.Release|x64.Build.0 = Release|Any CPU
		{2EE907CD-EF94-40EB-9EA1-E4516BE8F9BD}.Release|x86.ActiveCfg = Release|Any CPU
		{2EE907CD-EF94-40EB-9EA1-E4516BE8F9BD}.Release|x86.Build.0 = Release|Any CPU
		{22AEBE70-DF3F-4F20-98D8-6F46EFB3A8B7}.Debug|Any CPU.ActiveCfg = Debug|Any CPU
		{22AEBE70-DF3F-4F20-98D8-6F46EFB3A8B7}.Debug|Any CPU.Build.0 = Debug|Any CPU
		{22AEBE70-DF3F-4F20-98D8-6F46EFB3A8B7}.Debug|x64.ActiveCfg = Debug|Any CPU
		{22AEBE70-DF3F-4F20-98D8-6F46EFB3A8B7}.Debug|x64.Build.0 = Debug|Any CPU
		{22AEBE70-DF3F-4F20-98D8-6F46EFB3A8B7}.Debug|x86.ActiveCfg = Debug|Any CPU
		{22AEBE70-DF3F-4F20-98D8-6F46EFB3A8B7}.Debug|x86.Build.0 = Debug|Any CPU
		{22AEBE70-DF3F-4F20-98D8-6F46EFB3A8B7}.Release|Any CPU.ActiveCfg = Release|Any CPU
		{22AEBE70-DF3F-4F20-98D8-6F46EFB3A8B7}.Release|Any CPU.Build.0 = Release|Any CPU
		{22AEBE70-DF3F-4F20-98D8-6F46EFB3A8B7}.Release|x64.ActiveCfg = Release|Any CPU
		{22AEBE70-DF3F-4F20-98D8-6F46EFB3A8B7}.Release|x64.Build.0 = Release|Any CPU
		{22AEBE70-DF3F-4F20-98D8-6F46EFB3A8B7}.Release|x86.ActiveCfg = Release|Any CPU
		{22AEBE70-DF3F-4F20-98D8-6F46EFB3A8B7}.Release|x86.Build.0 = Release|Any CPU
		{9705097A-3C84-4A3E-8CDB-2664CFFF38BB}.Debug|Any CPU.ActiveCfg = Debug|Any CPU
		{9705097A-3C84-4A3E-8CDB-2664CFFF38BB}.Debug|Any CPU.Build.0 = Debug|Any CPU
		{9705097A-3C84-4A3E-8CDB-2664CFFF38BB}.Debug|x64.ActiveCfg = Debug|Any CPU
		{9705097A-3C84-4A3E-8CDB-2664CFFF38BB}.Debug|x64.Build.0 = Debug|Any CPU
		{9705097A-3C84-4A3E-8CDB-2664CFFF38BB}.Debug|x86.ActiveCfg = Debug|Any CPU
		{9705097A-3C84-4A3E-8CDB-2664CFFF38BB}.Debug|x86.Build.0 = Debug|Any CPU
		{9705097A-3C84-4A3E-8CDB-2664CFFF38BB}.Release|Any CPU.ActiveCfg = Release|Any CPU
		{9705097A-3C84-4A3E-8CDB-2664CFFF38BB}.Release|Any CPU.Build.0 = Release|Any CPU
		{9705097A-3C84-4A3E-8CDB-2664CFFF38BB}.Release|x64.ActiveCfg = Release|Any CPU
		{9705097A-3C84-4A3E-8CDB-2664CFFF38BB}.Release|x64.Build.0 = Release|Any CPU
		{9705097A-3C84-4A3E-8CDB-2664CFFF38BB}.Release|x86.ActiveCfg = Release|Any CPU
		{9705097A-3C84-4A3E-8CDB-2664CFFF38BB}.Release|x86.Build.0 = Release|Any CPU
		{B38ABD4A-44EA-4315-BB9F-9C0C2836A2AB}.Debug|Any CPU.ActiveCfg = Debug|Any CPU
		{B38ABD4A-44EA-4315-BB9F-9C0C2836A2AB}.Debug|Any CPU.Build.0 = Debug|Any CPU
		{B38ABD4A-44EA-4315-BB9F-9C0C2836A2AB}.Debug|x64.ActiveCfg = Debug|Any CPU
		{B38ABD4A-44EA-4315-BB9F-9C0C2836A2AB}.Debug|x64.Build.0 = Debug|Any CPU
		{B38ABD4A-44EA-4315-BB9F-9C0C2836A2AB}.Debug|x86.ActiveCfg = Debug|Any CPU
		{B38ABD4A-44EA-4315-BB9F-9C0C2836A2AB}.Debug|x86.Build.0 = Debug|Any CPU
		{B38ABD4A-44EA-4315-BB9F-9C0C2836A2AB}.Release|Any CPU.ActiveCfg = Release|Any CPU
		{B38ABD4A-44EA-4315-BB9F-9C0C2836A2AB}.Release|Any CPU.Build.0 = Release|Any CPU
		{B38ABD4A-44EA-4315-BB9F-9C0C2836A2AB}.Release|x64.ActiveCfg = Release|Any CPU
		{B38ABD4A-44EA-4315-BB9F-9C0C2836A2AB}.Release|x64.Build.0 = Release|Any CPU
		{B38ABD4A-44EA-4315-BB9F-9C0C2836A2AB}.Release|x86.ActiveCfg = Release|Any CPU
		{B38ABD4A-44EA-4315-BB9F-9C0C2836A2AB}.Release|x86.Build.0 = Release|Any CPU
		{30EF3DC8-9140-41CD-A6B6-521F2E0C504F}.Debug|Any CPU.ActiveCfg = Debug|Any CPU
		{30EF3DC8-9140-41CD-A6B6-521F2E0C504F}.Debug|Any CPU.Build.0 = Debug|Any CPU
		{30EF3DC8-9140-41CD-A6B6-521F2E0C504F}.Debug|x64.ActiveCfg = Debug|Any CPU
		{30EF3DC8-9140-41CD-A6B6-521F2E0C504F}.Debug|x64.Build.0 = Debug|Any CPU
		{30EF3DC8-9140-41CD-A6B6-521F2E0C504F}.Debug|x86.ActiveCfg = Debug|Any CPU
		{30EF3DC8-9140-41CD-A6B6-521F2E0C504F}.Debug|x86.Build.0 = Debug|Any CPU
		{30EF3DC8-9140-41CD-A6B6-521F2E0C504F}.Release|Any CPU.ActiveCfg = Release|Any CPU
		{30EF3DC8-9140-41CD-A6B6-521F2E0C504F}.Release|Any CPU.Build.0 = Release|Any CPU
		{30EF3DC8-9140-41CD-A6B6-521F2E0C504F}.Release|x64.ActiveCfg = Release|Any CPU
		{30EF3DC8-9140-41CD-A6B6-521F2E0C504F}.Release|x64.Build.0 = Release|Any CPU
		{30EF3DC8-9140-41CD-A6B6-521F2E0C504F}.Release|x86.ActiveCfg = Release|Any CPU
		{30EF3DC8-9140-41CD-A6B6-521F2E0C504F}.Release|x86.Build.0 = Release|Any CPU
		{B99BD5CB-1ABA-49D5-AF75-C420F770C949}.Debug|Any CPU.ActiveCfg = Debug|Any CPU
		{B99BD5CB-1ABA-49D5-AF75-C420F770C949}.Debug|Any CPU.Build.0 = Debug|Any CPU
		{B99BD5CB-1ABA-49D5-AF75-C420F770C949}.Debug|x64.ActiveCfg = Debug|Any CPU
		{B99BD5CB-1ABA-49D5-AF75-C420F770C949}.Debug|x64.Build.0 = Debug|Any CPU
		{B99BD5CB-1ABA-49D5-AF75-C420F770C949}.Debug|x86.ActiveCfg = Debug|Any CPU
		{B99BD5CB-1ABA-49D5-AF75-C420F770C949}.Debug|x86.Build.0 = Debug|Any CPU
		{B99BD5CB-1ABA-49D5-AF75-C420F770C949}.Release|Any CPU.ActiveCfg = Release|Any CPU
		{B99BD5CB-1ABA-49D5-AF75-C420F770C949}.Release|Any CPU.Build.0 = Release|Any CPU
		{B99BD5CB-1ABA-49D5-AF75-C420F770C949}.Release|x64.ActiveCfg = Release|Any CPU
		{B99BD5CB-1ABA-49D5-AF75-C420F770C949}.Release|x64.Build.0 = Release|Any CPU
		{B99BD5CB-1ABA-49D5-AF75-C420F770C949}.Release|x86.ActiveCfg = Release|Any CPU
		{B99BD5CB-1ABA-49D5-AF75-C420F770C949}.Release|x86.Build.0 = Release|Any CPU
		{3ECAA14C-6E98-4847-B46A-897E0588B348}.Debug|Any CPU.ActiveCfg = Debug|Any CPU
		{3ECAA14C-6E98-4847-B46A-897E0588B348}.Debug|Any CPU.Build.0 = Debug|Any CPU
		{3ECAA14C-6E98-4847-B46A-897E0588B348}.Debug|x64.ActiveCfg = Debug|Any CPU
		{3ECAA14C-6E98-4847-B46A-897E0588B348}.Debug|x64.Build.0 = Debug|Any CPU
		{3ECAA14C-6E98-4847-B46A-897E0588B348}.Debug|x86.ActiveCfg = Debug|Any CPU
		{3ECAA14C-6E98-4847-B46A-897E0588B348}.Debug|x86.Build.0 = Debug|Any CPU
		{3ECAA14C-6E98-4847-B46A-897E0588B348}.Release|Any CPU.ActiveCfg = Release|Any CPU
		{3ECAA14C-6E98-4847-B46A-897E0588B348}.Release|Any CPU.Build.0 = Release|Any CPU
		{3ECAA14C-6E98-4847-B46A-897E0588B348}.Release|x64.ActiveCfg = Release|Any CPU
		{3ECAA14C-6E98-4847-B46A-897E0588B348}.Release|x64.Build.0 = Release|Any CPU
		{3ECAA14C-6E98-4847-B46A-897E0588B348}.Release|x86.ActiveCfg = Release|Any CPU
		{3ECAA14C-6E98-4847-B46A-897E0588B348}.Release|x86.Build.0 = Release|Any CPU
		{8D830905-6DB4-465D-BE29-D757ADED80C4}.Debug|Any CPU.ActiveCfg = Debug|Any CPU
		{8D830905-6DB4-465D-BE29-D757ADED80C4}.Debug|Any CPU.Build.0 = Debug|Any CPU
		{8D830905-6DB4-465D-BE29-D757ADED80C4}.Debug|x64.ActiveCfg = Debug|Any CPU
		{8D830905-6DB4-465D-BE29-D757ADED80C4}.Debug|x64.Build.0 = Debug|Any CPU
		{8D830905-6DB4-465D-BE29-D757ADED80C4}.Debug|x86.ActiveCfg = Debug|Any CPU
		{8D830905-6DB4-465D-BE29-D757ADED80C4}.Debug|x86.Build.0 = Debug|Any CPU
		{8D830905-6DB4-465D-BE29-D757ADED80C4}.Release|Any CPU.ActiveCfg = Release|Any CPU
		{8D830905-6DB4-465D-BE29-D757ADED80C4}.Release|Any CPU.Build.0 = Release|Any CPU
		{8D830905-6DB4-465D-BE29-D757ADED80C4}.Release|x64.ActiveCfg = Release|Any CPU
		{8D830905-6DB4-465D-BE29-D757ADED80C4}.Release|x64.Build.0 = Release|Any CPU
		{8D830905-6DB4-465D-BE29-D757ADED80C4}.Release|x86.ActiveCfg = Release|Any CPU
		{8D830905-6DB4-465D-BE29-D757ADED80C4}.Release|x86.Build.0 = Release|Any CPU
		{4EF5E9BA-B7EB-4CC9-8EA1-3417FA9A292D}.Debug|Any CPU.ActiveCfg = Debug|Any CPU
		{4EF5E9BA-B7EB-4CC9-8EA1-3417FA9A292D}.Debug|Any CPU.Build.0 = Debug|Any CPU
		{4EF5E9BA-B7EB-4CC9-8EA1-3417FA9A292D}.Debug|x64.ActiveCfg = Debug|Any CPU
		{4EF5E9BA-B7EB-4CC9-8EA1-3417FA9A292D}.Debug|x64.Build.0 = Debug|Any CPU
		{4EF5E9BA-B7EB-4CC9-8EA1-3417FA9A292D}.Debug|x86.ActiveCfg = Debug|Any CPU
		{4EF5E9BA-B7EB-4CC9-8EA1-3417FA9A292D}.Debug|x86.Build.0 = Debug|Any CPU
		{4EF5E9BA-B7EB-4CC9-8EA1-3417FA9A292D}.Release|Any CPU.ActiveCfg = Release|Any CPU
		{4EF5E9BA-B7EB-4CC9-8EA1-3417FA9A292D}.Release|Any CPU.Build.0 = Release|Any CPU
		{4EF5E9BA-B7EB-4CC9-8EA1-3417FA9A292D}.Release|x64.ActiveCfg = Release|Any CPU
		{4EF5E9BA-B7EB-4CC9-8EA1-3417FA9A292D}.Release|x64.Build.0 = Release|Any CPU
		{4EF5E9BA-B7EB-4CC9-8EA1-3417FA9A292D}.Release|x86.ActiveCfg = Release|Any CPU
		{4EF5E9BA-B7EB-4CC9-8EA1-3417FA9A292D}.Release|x86.Build.0 = Release|Any CPU
		{ECC6CA84-B360-4337-9BA4-0DB8E3E3728A}.Debug|Any CPU.ActiveCfg = Debug|Any CPU
		{ECC6CA84-B360-4337-9BA4-0DB8E3E3728A}.Debug|Any CPU.Build.0 = Debug|Any CPU
		{ECC6CA84-B360-4337-9BA4-0DB8E3E3728A}.Debug|x64.ActiveCfg = Debug|Any CPU
		{ECC6CA84-B360-4337-9BA4-0DB8E3E3728A}.Debug|x64.Build.0 = Debug|Any CPU
		{ECC6CA84-B360-4337-9BA4-0DB8E3E3728A}.Debug|x86.ActiveCfg = Debug|Any CPU
		{ECC6CA84-B360-4337-9BA4-0DB8E3E3728A}.Debug|x86.Build.0 = Debug|Any CPU
		{ECC6CA84-B360-4337-9BA4-0DB8E3E3728A}.Release|Any CPU.ActiveCfg = Release|Any CPU
		{ECC6CA84-B360-4337-9BA4-0DB8E3E3728A}.Release|Any CPU.Build.0 = Release|Any CPU
		{ECC6CA84-B360-4337-9BA4-0DB8E3E3728A}.Release|x64.ActiveCfg = Release|Any CPU
		{ECC6CA84-B360-4337-9BA4-0DB8E3E3728A}.Release|x64.Build.0 = Release|Any CPU
		{ECC6CA84-B360-4337-9BA4-0DB8E3E3728A}.Release|x86.ActiveCfg = Release|Any CPU
		{ECC6CA84-B360-4337-9BA4-0DB8E3E3728A}.Release|x86.Build.0 = Release|Any CPU
		{AAA3B746-AA2F-489E-B256-91C999C384D2}.Debug|Any CPU.ActiveCfg = Debug|Any CPU
		{AAA3B746-AA2F-489E-B256-91C999C384D2}.Debug|Any CPU.Build.0 = Debug|Any CPU
		{AAA3B746-AA2F-489E-B256-91C999C384D2}.Debug|x64.ActiveCfg = Debug|Any CPU
		{AAA3B746-AA2F-489E-B256-91C999C384D2}.Debug|x64.Build.0 = Debug|Any CPU
		{AAA3B746-AA2F-489E-B256-91C999C384D2}.Debug|x86.ActiveCfg = Debug|Any CPU
		{AAA3B746-AA2F-489E-B256-91C999C384D2}.Debug|x86.Build.0 = Debug|Any CPU
		{AAA3B746-AA2F-489E-B256-91C999C384D2}.Release|Any CPU.ActiveCfg = Release|Any CPU
		{AAA3B746-AA2F-489E-B256-91C999C384D2}.Release|Any CPU.Build.0 = Release|Any CPU
		{AAA3B746-AA2F-489E-B256-91C999C384D2}.Release|x64.ActiveCfg = Release|Any CPU
		{AAA3B746-AA2F-489E-B256-91C999C384D2}.Release|x64.Build.0 = Release|Any CPU
		{AAA3B746-AA2F-489E-B256-91C999C384D2}.Release|x86.ActiveCfg = Release|Any CPU
		{AAA3B746-AA2F-489E-B256-91C999C384D2}.Release|x86.Build.0 = Release|Any CPU
		{89F53572-90F3-4EE3-BE32-D5AB8B2DE24E}.Debug|Any CPU.ActiveCfg = Debug|Any CPU
		{89F53572-90F3-4EE3-BE32-D5AB8B2DE24E}.Debug|Any CPU.Build.0 = Debug|Any CPU
		{89F53572-90F3-4EE3-BE32-D5AB8B2DE24E}.Debug|x64.ActiveCfg = Debug|Any CPU
		{89F53572-90F3-4EE3-BE32-D5AB8B2DE24E}.Debug|x64.Build.0 = Debug|Any CPU
		{89F53572-90F3-4EE3-BE32-D5AB8B2DE24E}.Debug|x86.ActiveCfg = Debug|Any CPU
		{89F53572-90F3-4EE3-BE32-D5AB8B2DE24E}.Debug|x86.Build.0 = Debug|Any CPU
		{89F53572-90F3-4EE3-BE32-D5AB8B2DE24E}.Release|Any CPU.ActiveCfg = Release|Any CPU
		{89F53572-90F3-4EE3-BE32-D5AB8B2DE24E}.Release|Any CPU.Build.0 = Release|Any CPU
		{89F53572-90F3-4EE3-BE32-D5AB8B2DE24E}.Release|x64.ActiveCfg = Release|Any CPU
		{89F53572-90F3-4EE3-BE32-D5AB8B2DE24E}.Release|x64.Build.0 = Release|Any CPU
		{89F53572-90F3-4EE3-BE32-D5AB8B2DE24E}.Release|x86.ActiveCfg = Release|Any CPU
		{89F53572-90F3-4EE3-BE32-D5AB8B2DE24E}.Release|x86.Build.0 = Release|Any CPU
		{3BC78D60-400C-4086-9AF6-6BBC94475F10}.Debug|Any CPU.ActiveCfg = Debug|Any CPU
		{3BC78D60-400C-4086-9AF6-6BBC94475F10}.Debug|Any CPU.Build.0 = Debug|Any CPU
		{3BC78D60-400C-4086-9AF6-6BBC94475F10}.Debug|x64.ActiveCfg = Debug|Any CPU
		{3BC78D60-400C-4086-9AF6-6BBC94475F10}.Debug|x64.Build.0 = Debug|Any CPU
		{3BC78D60-400C-4086-9AF6-6BBC94475F10}.Debug|x86.ActiveCfg = Debug|Any CPU
		{3BC78D60-400C-4086-9AF6-6BBC94475F10}.Debug|x86.Build.0 = Debug|Any CPU
		{3BC78D60-400C-4086-9AF6-6BBC94475F10}.Release|Any CPU.ActiveCfg = Release|Any CPU
		{3BC78D60-400C-4086-9AF6-6BBC94475F10}.Release|Any CPU.Build.0 = Release|Any CPU
		{3BC78D60-400C-4086-9AF6-6BBC94475F10}.Release|x64.ActiveCfg = Release|Any CPU
		{3BC78D60-400C-4086-9AF6-6BBC94475F10}.Release|x64.Build.0 = Release|Any CPU
		{3BC78D60-400C-4086-9AF6-6BBC94475F10}.Release|x86.ActiveCfg = Release|Any CPU
		{3BC78D60-400C-4086-9AF6-6BBC94475F10}.Release|x86.Build.0 = Release|Any CPU
		{4455057D-41B2-498A-B644-53B756DC198D}.Debug|Any CPU.ActiveCfg = Debug|Any CPU
		{4455057D-41B2-498A-B644-53B756DC198D}.Debug|Any CPU.Build.0 = Debug|Any CPU
		{4455057D-41B2-498A-B644-53B756DC198D}.Debug|x64.ActiveCfg = Debug|Any CPU
		{4455057D-41B2-498A-B644-53B756DC198D}.Debug|x64.Build.0 = Debug|Any CPU
		{4455057D-41B2-498A-B644-53B756DC198D}.Debug|x86.ActiveCfg = Debug|Any CPU
		{4455057D-41B2-498A-B644-53B756DC198D}.Debug|x86.Build.0 = Debug|Any CPU
		{4455057D-41B2-498A-B644-53B756DC198D}.Release|Any CPU.ActiveCfg = Release|Any CPU
		{4455057D-41B2-498A-B644-53B756DC198D}.Release|Any CPU.Build.0 = Release|Any CPU
		{4455057D-41B2-498A-B644-53B756DC198D}.Release|x64.ActiveCfg = Release|Any CPU
		{4455057D-41B2-498A-B644-53B756DC198D}.Release|x64.Build.0 = Release|Any CPU
		{4455057D-41B2-498A-B644-53B756DC198D}.Release|x86.ActiveCfg = Release|Any CPU
		{4455057D-41B2-498A-B644-53B756DC198D}.Release|x86.Build.0 = Release|Any CPU
		{C518FE07-6119-4D8C-856A-8AC47813AF06}.Debug|Any CPU.ActiveCfg = Debug|Any CPU
		{C518FE07-6119-4D8C-856A-8AC47813AF06}.Debug|Any CPU.Build.0 = Debug|Any CPU
		{C518FE07-6119-4D8C-856A-8AC47813AF06}.Debug|x64.ActiveCfg = Debug|Any CPU
		{C518FE07-6119-4D8C-856A-8AC47813AF06}.Debug|x64.Build.0 = Debug|Any CPU
		{C518FE07-6119-4D8C-856A-8AC47813AF06}.Debug|x86.ActiveCfg = Debug|Any CPU
		{C518FE07-6119-4D8C-856A-8AC47813AF06}.Debug|x86.Build.0 = Debug|Any CPU
		{C518FE07-6119-4D8C-856A-8AC47813AF06}.Release|Any CPU.ActiveCfg = Release|Any CPU
		{C518FE07-6119-4D8C-856A-8AC47813AF06}.Release|Any CPU.Build.0 = Release|Any CPU
		{C518FE07-6119-4D8C-856A-8AC47813AF06}.Release|x64.ActiveCfg = Release|Any CPU
		{C518FE07-6119-4D8C-856A-8AC47813AF06}.Release|x64.Build.0 = Release|Any CPU
		{C518FE07-6119-4D8C-856A-8AC47813AF06}.Release|x86.ActiveCfg = Release|Any CPU
		{C518FE07-6119-4D8C-856A-8AC47813AF06}.Release|x86.Build.0 = Release|Any CPU
		{0E942E00-27DA-4ED4-9C9D-E3F8660C01F1}.Debug|Any CPU.ActiveCfg = Debug|Any CPU
		{0E942E00-27DA-4ED4-9C9D-E3F8660C01F1}.Debug|Any CPU.Build.0 = Debug|Any CPU
		{0E942E00-27DA-4ED4-9C9D-E3F8660C01F1}.Debug|x64.ActiveCfg = Debug|Any CPU
		{0E942E00-27DA-4ED4-9C9D-E3F8660C01F1}.Debug|x64.Build.0 = Debug|Any CPU
		{0E942E00-27DA-4ED4-9C9D-E3F8660C01F1}.Debug|x86.ActiveCfg = Debug|Any CPU
		{0E942E00-27DA-4ED4-9C9D-E3F8660C01F1}.Debug|x86.Build.0 = Debug|Any CPU
		{0E942E00-27DA-4ED4-9C9D-E3F8660C01F1}.Release|Any CPU.ActiveCfg = Release|Any CPU
		{0E942E00-27DA-4ED4-9C9D-E3F8660C01F1}.Release|Any CPU.Build.0 = Release|Any CPU
		{0E942E00-27DA-4ED4-9C9D-E3F8660C01F1}.Release|x64.ActiveCfg = Release|Any CPU
		{0E942E00-27DA-4ED4-9C9D-E3F8660C01F1}.Release|x64.Build.0 = Release|Any CPU
		{0E942E00-27DA-4ED4-9C9D-E3F8660C01F1}.Release|x86.ActiveCfg = Release|Any CPU
		{0E942E00-27DA-4ED4-9C9D-E3F8660C01F1}.Release|x86.Build.0 = Release|Any CPU
		{0461E25E-0AE2-4611-AE3E-968B4A3D3545}.Debug|Any CPU.ActiveCfg = Debug|Any CPU
		{0461E25E-0AE2-4611-AE3E-968B4A3D3545}.Debug|Any CPU.Build.0 = Debug|Any CPU
		{0461E25E-0AE2-4611-AE3E-968B4A3D3545}.Debug|x64.ActiveCfg = Debug|Any CPU
		{0461E25E-0AE2-4611-AE3E-968B4A3D3545}.Debug|x64.Build.0 = Debug|Any CPU
		{0461E25E-0AE2-4611-AE3E-968B4A3D3545}.Debug|x86.ActiveCfg = Debug|Any CPU
		{0461E25E-0AE2-4611-AE3E-968B4A3D3545}.Debug|x86.Build.0 = Debug|Any CPU
		{0461E25E-0AE2-4611-AE3E-968B4A3D3545}.Release|Any CPU.ActiveCfg = Release|Any CPU
		{0461E25E-0AE2-4611-AE3E-968B4A3D3545}.Release|Any CPU.Build.0 = Release|Any CPU
		{0461E25E-0AE2-4611-AE3E-968B4A3D3545}.Release|x64.ActiveCfg = Release|Any CPU
		{0461E25E-0AE2-4611-AE3E-968B4A3D3545}.Release|x64.Build.0 = Release|Any CPU
		{0461E25E-0AE2-4611-AE3E-968B4A3D3545}.Release|x86.ActiveCfg = Release|Any CPU
		{0461E25E-0AE2-4611-AE3E-968B4A3D3545}.Release|x86.Build.0 = Release|Any CPU
		{391AE154-A821-4A07-8584-66B408A876FF}.Debug|Any CPU.ActiveCfg = Debug|Any CPU
		{391AE154-A821-4A07-8584-66B408A876FF}.Debug|Any CPU.Build.0 = Debug|Any CPU
		{391AE154-A821-4A07-8584-66B408A876FF}.Debug|x64.ActiveCfg = Debug|Any CPU
		{391AE154-A821-4A07-8584-66B408A876FF}.Debug|x64.Build.0 = Debug|Any CPU
		{391AE154-A821-4A07-8584-66B408A876FF}.Debug|x86.ActiveCfg = Debug|Any CPU
		{391AE154-A821-4A07-8584-66B408A876FF}.Debug|x86.Build.0 = Debug|Any CPU
		{391AE154-A821-4A07-8584-66B408A876FF}.Release|Any CPU.ActiveCfg = Release|Any CPU
		{391AE154-A821-4A07-8584-66B408A876FF}.Release|Any CPU.Build.0 = Release|Any CPU
		{391AE154-A821-4A07-8584-66B408A876FF}.Release|x64.ActiveCfg = Release|Any CPU
		{391AE154-A821-4A07-8584-66B408A876FF}.Release|x64.Build.0 = Release|Any CPU
		{391AE154-A821-4A07-8584-66B408A876FF}.Release|x86.ActiveCfg = Release|Any CPU
		{391AE154-A821-4A07-8584-66B408A876FF}.Release|x86.Build.0 = Release|Any CPU
		{32B8EBFF-9965-45FB-8525-5D81EE1467A1}.Debug|Any CPU.ActiveCfg = Debug|Any CPU
		{32B8EBFF-9965-45FB-8525-5D81EE1467A1}.Debug|Any CPU.Build.0 = Debug|Any CPU
		{32B8EBFF-9965-45FB-8525-5D81EE1467A1}.Debug|x64.ActiveCfg = Debug|Any CPU
		{32B8EBFF-9965-45FB-8525-5D81EE1467A1}.Debug|x64.Build.0 = Debug|Any CPU
		{32B8EBFF-9965-45FB-8525-5D81EE1467A1}.Debug|x86.ActiveCfg = Debug|Any CPU
		{32B8EBFF-9965-45FB-8525-5D81EE1467A1}.Debug|x86.Build.0 = Debug|Any CPU
		{32B8EBFF-9965-45FB-8525-5D81EE1467A1}.Release|Any CPU.ActiveCfg = Release|Any CPU
		{32B8EBFF-9965-45FB-8525-5D81EE1467A1}.Release|Any CPU.Build.0 = Release|Any CPU
		{32B8EBFF-9965-45FB-8525-5D81EE1467A1}.Release|x64.ActiveCfg = Release|Any CPU
		{32B8EBFF-9965-45FB-8525-5D81EE1467A1}.Release|x64.Build.0 = Release|Any CPU
		{32B8EBFF-9965-45FB-8525-5D81EE1467A1}.Release|x86.ActiveCfg = Release|Any CPU
		{32B8EBFF-9965-45FB-8525-5D81EE1467A1}.Release|x86.Build.0 = Release|Any CPU
	EndGlobalSection
	GlobalSection(SolutionProperties) = preSolution
		HideSolutionNode = FALSE
	EndGlobalSection
	GlobalSection(NestedProjects) = preSolution
		{2EE907CD-EF94-40EB-9EA1-E4516BE8F9BD} = {7FE8D677-2B6F-40E0-98E4-BBEB3C7387CA}
		{22AEBE70-DF3F-4F20-98D8-6F46EFB3A8B7} = {7FE8D677-2B6F-40E0-98E4-BBEB3C7387CA}
		{9705097A-3C84-4A3E-8CDB-2664CFFF38BB} = {7FE8D677-2B6F-40E0-98E4-BBEB3C7387CA}
		{B38ABD4A-44EA-4315-BB9F-9C0C2836A2AB} = {7FE8D677-2B6F-40E0-98E4-BBEB3C7387CA}
		{30EF3DC8-9140-41CD-A6B6-521F2E0C504F} = {7FE8D677-2B6F-40E0-98E4-BBEB3C7387CA}
		{B99BD5CB-1ABA-49D5-AF75-C420F770C949} = {7FE8D677-2B6F-40E0-98E4-BBEB3C7387CA}
		{3ECAA14C-6E98-4847-B46A-897E0588B348} = {7FE8D677-2B6F-40E0-98E4-BBEB3C7387CA}
		{8D830905-6DB4-465D-BE29-D757ADED80C4} = {7FE8D677-2B6F-40E0-98E4-BBEB3C7387CA}
		{4EF5E9BA-B7EB-4CC9-8EA1-3417FA9A292D} = {7FE8D677-2B6F-40E0-98E4-BBEB3C7387CA}
		{ECC6CA84-B360-4337-9BA4-0DB8E3E3728A} = {7FE8D677-2B6F-40E0-98E4-BBEB3C7387CA}
		{AAA3B746-AA2F-489E-B256-91C999C384D2} = {7FE8D677-2B6F-40E0-98E4-BBEB3C7387CA}
		{89F53572-90F3-4EE3-BE32-D5AB8B2DE24E} = {0C1D8981-8228-4C22-8F51-D2DEA28EC0D0}
		{3BC78D60-400C-4086-9AF6-6BBC94475F10} = {0C1D8981-8228-4C22-8F51-D2DEA28EC0D0}
		{4455057D-41B2-498A-B644-53B756DC198D} = {7FE8D677-2B6F-40E0-98E4-BBEB3C7387CA}
		{C518FE07-6119-4D8C-856A-8AC47813AF06} = {7FE8D677-2B6F-40E0-98E4-BBEB3C7387CA}
		{0E942E00-27DA-4ED4-9C9D-E3F8660C01F1} = {7FE8D677-2B6F-40E0-98E4-BBEB3C7387CA}
		{0461E25E-0AE2-4611-AE3E-968B4A3D3545} = {7FE8D677-2B6F-40E0-98E4-BBEB3C7387CA}
		{391AE154-A821-4A07-8584-66B408A876FF} = {7FE8D677-2B6F-40E0-98E4-BBEB3C7387CA}
		{32B8EBFF-9965-45FB-8525-5D81EE1467A1} = {7FE8D677-2B6F-40E0-98E4-BBEB3C7387CA}
	EndGlobalSection
	GlobalSection(ExtensibilityGlobals) = postSolution
		SolutionGuid = {653F0FCE-2D2A-488C-92F7-ECBEFE18C79F}
	EndGlobalSection
EndGlobal
