
Microsoft Visual Studio Solution File, Format Version 12.00
# Visual Studio Version 16
VisualStudioVersion = 16.0.30330.147
MinimumVisualStudioVersion = 15.0.26124.0
Project("{9A19103F-16F7-4668-BE54-9A1E7A4F7556}") = "ConsoleApp1", "src\ConsoleApp1\ConsoleApp1.csproj", "{E7F9EE7A-867B-4C35-B949-B85CA0080ED2}"
EndProject
Project("{2150E333-8FDC-42A3-9474-1A3956D46DE8}") = "src", "src", "{7FE8D677-2B6F-40E0-98E4-BBEB3C7387CA}"
	ProjectSection(SolutionItems) = preProject
		src\tye.yaml = src\tye.yaml
	EndProjectSection
EndProject
Project("{2150E333-8FDC-42A3-9474-1A3956D46DE8}") = "root", "root", "{6FCC29CD-B957-4C10-9322-1B6A54061BA5}"
	ProjectSection(SolutionItems) = preProject
		.gitignore = .gitignore
		directory.build.props = directory.build.props
		global.json = global.json
		LICENSE.md = LICENSE.md
		README.md = README.md
	EndProjectSection
EndProject
Project("{2150E333-8FDC-42A3-9474-1A3956D46DE8}") = "tests", "tests", "{0C1D8981-8228-4C22-8F51-D2DEA28EC0D0}"
EndProject
Project("{9A19103F-16F7-4668-BE54-9A1E7A4F7556}") = "Identity", "src\Identity\Identity.csproj", "{2EE907CD-EF94-40EB-9EA1-E4516BE8F9BD}"
EndProject
Project("{9A19103F-16F7-4668-BE54-9A1E7A4F7556}") = "UI.Web", "src\UI.Web\UI.Web.csproj", "{22AEBE70-DF3F-4F20-98D8-6F46EFB3A8B7}"
EndProject
Project("{9A19103F-16F7-4668-BE54-9A1E7A4F7556}") = "UI", "src\UI\UI.csproj", "{9705097A-3C84-4A3E-8CDB-2664CFFF38BB}"
EndProject
Project("{9A19103F-16F7-4668-BE54-9A1E7A4F7556}") = "Abstractions", "src\Abstractions\Abstractions.csproj", "{B38ABD4A-44EA-4315-BB9F-9C0C2836A2AB}"
EndProject
Project("{9A19103F-16F7-4668-BE54-9A1E7A4F7556}") = "CoreHost", "src\CoreHost\CoreHost.csproj", "{30EF3DC8-9140-41CD-A6B6-521F2E0C504F}"
EndProject
Project("{9A19103F-16F7-4668-BE54-9A1E7A4F7556}") = "Microservice.Db", "src\Microservice.Db\Microservice.Db.csproj", "{B99BD5CB-1ABA-49D5-AF75-C420F770C949}"
EndProject
Project("{9A19103F-16F7-4668-BE54-9A1E7A4F7556}") = "Microservice.Logic", "src\Microservice.Logic\Microservice.Logic.csproj", "{3ECAA14C-6E98-4847-B46A-897E0588B348}"
EndProject
Project("{9A19103F-16F7-4668-BE54-9A1E7A4F7556}") = "Microservice.Data", "src\Microservice.Data\Microservice.Data.csproj", "{8D830905-6DB4-465D-BE29-D757ADED80C4}"
EndProject
Project("{9A19103F-16F7-4668-BE54-9A1E7A4F7556}") = "Microservice.RestApi", "src\Microservice.RestApi\Microservice.RestApi.csproj", "{4EF5E9BA-B7EB-4CC9-8EA1-3417FA9A292D}"
EndProject
Global
	GlobalSection(SolutionConfigurationPlatforms) = preSolution
		Debug|Any CPU = Debug|Any CPU
		Debug|x64 = Debug|x64
		Debug|x86 = Debug|x86
		Release|Any CPU = Release|Any CPU
		Release|x64 = Release|x64
		Release|x86 = Release|x86
	EndGlobalSection
	GlobalSection(ProjectConfigurationPlatforms) = postSolution
		{E7F9EE7A-867B-4C35-B949-B85CA0080ED2}.Debug|Any CPU.ActiveCfg = Debug|Any CPU
		{E7F9EE7A-867B-4C35-B949-B85CA0080ED2}.Debug|Any CPU.Build.0 = Debug|Any CPU
		{E7F9EE7A-867B-4C35-B949-B85CA0080ED2}.Debug|x64.ActiveCfg = Debug|Any CPU
		{E7F9EE7A-867B-4C35-B949-B85CA0080ED2}.Debug|x64.Build.0 = Debug|Any CPU
		{E7F9EE7A-867B-4C35-B949-B85CA0080ED2}.Debug|x86.ActiveCfg = Debug|Any CPU
		{E7F9EE7A-867B-4C35-B949-B85CA0080ED2}.Debug|x86.Build.0 = Debug|Any CPU
		{E7F9EE7A-867B-4C35-B949-B85CA0080ED2}.Release|Any CPU.ActiveCfg = Release|Any CPU
		{E7F9EE7A-867B-4C35-B949-B85CA0080ED2}.Release|Any CPU.Build.0 = Release|Any CPU
		{E7F9EE7A-867B-4C35-B949-B85CA0080ED2}.Release|x64.ActiveCfg = Release|Any CPU
		{E7F9EE7A-867B-4C35-B949-B85CA0080ED2}.Release|x64.Build.0 = Release|Any CPU
		{E7F9EE7A-867B-4C35-B949-B85CA0080ED2}.Release|x86.ActiveCfg = Release|Any CPU
		{E7F9EE7A-867B-4C35-B949-B85CA0080ED2}.Release|x86.Build.0 = Release|Any CPU
		{2EE907CD-EF94-40EB-9EA1-E4516BE8F9BD}.Debug|Any CPU.ActiveCfg = Debug|Any CPU
		{2EE907CD-EF94-40EB-9EA1-E4516BE8F9BD}.Debug|Any CPU.Build.0 = Debug|Any CPU
		{2EE907CD-EF94-40EB-9EA1-E4516BE8F9BD}.Debug|x64.ActiveCfg = Debug|Any CPU
		{2EE907CD-EF94-40EB-9EA1-E4516BE8F9BD}.Debug|x64.Build.0 = Debug|Any CPU
		{2EE907CD-EF94-40EB-9EA1-E4516BE8F9BD}.Debug|x86.ActiveCfg = Debug|Any CPU
		{2EE907CD-EF94-40EB-9EA1-E4516BE8F9BD}.Debug|x86.Build.0 = Debug|Any CPU
		{2EE907CD-EF94-40EB-9EA1-E4516BE8F9BD}.Release|Any CPU.ActiveCfg = Release|Any CPU
		{2EE907CD-EF94-40EB-9EA1-E4516BE8F9BD}.Release|Any CPU.Build.0 = Release|Any CPU
		{2EE907CD-EF94-40EB-9EA1-E4516BE8F9BD}.Release|x64.ActiveCfg = Release|Any CPU
		{2EE907CD-EF94-40EB-9EA1-E4516BE8F9BD}.Release|x64.Build.0 = Release|Any CPU
		{2EE907CD-EF94-40EB-9EA1-E4516BE8F9BD}.Release|x86.ActiveCfg = Release|Any CPU
		{2EE907CD-EF94-40EB-9EA1-E4516BE8F9BD}.Release|x86.Build.0 = Release|Any CPU
		{22AEBE70-DF3F-4F20-98D8-6F46EFB3A8B7}.Debug|Any CPU.ActiveCfg = Debug|Any CPU
		{22AEBE70-DF3F-4F20-98D8-6F46EFB3A8B7}.Debug|Any CPU.Build.0 = Debug|Any CPU
		{22AEBE70-DF3F-4F20-98D8-6F46EFB3A8B7}.Debug|x64.ActiveCfg = Debug|Any CPU
		{22AEBE70-DF3F-4F20-98D8-6F46EFB3A8B7}.Debug|x64.Build.0 = Debug|Any CPU
		{22AEBE70-DF3F-4F20-98D8-6F46EFB3A8B7}.Debug|x86.ActiveCfg = Debug|Any CPU
		{22AEBE70-DF3F-4F20-98D8-6F46EFB3A8B7}.Debug|x86.Build.0 = Debug|Any CPU
		{22AEBE70-DF3F-4F20-98D8-6F46EFB3A8B7}.Release|Any CPU.ActiveCfg = Release|Any CPU
		{22AEBE70-DF3F-4F20-98D8-6F46EFB3A8B7}.Release|Any CPU.Build.0 = Release|Any CPU
		{22AEBE70-DF3F-4F20-98D8-6F46EFB3A8B7}.Release|x64.ActiveCfg = Release|Any CPU
		{22AEBE70-DF3F-4F20-98D8-6F46EFB3A8B7}.Release|x64.Build.0 = Release|Any CPU
		{22AEBE70-DF3F-4F20-98D8-6F46EFB3A8B7}.Release|x86.ActiveCfg = Release|Any CPU
		{22AEBE70-DF3F-4F20-98D8-6F46EFB3A8B7}.Release|x86.Build.0 = Release|Any CPU
		{9705097A-3C84-4A3E-8CDB-2664CFFF38BB}.Debug|Any CPU.ActiveCfg = Debug|Any CPU
		{9705097A-3C84-4A3E-8CDB-2664CFFF38BB}.Debug|Any CPU.Build.0 = Debug|Any CPU
		{9705097A-3C84-4A3E-8CDB-2664CFFF38BB}.Debug|x64.ActiveCfg = Debug|Any CPU
		{9705097A-3C84-4A3E-8CDB-2664CFFF38BB}.Debug|x64.Build.0 = Debug|Any CPU
		{9705097A-3C84-4A3E-8CDB-2664CFFF38BB}.Debug|x86.ActiveCfg = Debug|Any CPU
		{9705097A-3C84-4A3E-8CDB-2664CFFF38BB}.Debug|x86.Build.0 = Debug|Any CPU
		{9705097A-3C84-4A3E-8CDB-2664CFFF38BB}.Release|Any CPU.ActiveCfg = Release|Any CPU
		{9705097A-3C84-4A3E-8CDB-2664CFFF38BB}.Release|Any CPU.Build.0 = Release|Any CPU
		{9705097A-3C84-4A3E-8CDB-2664CFFF38BB}.Release|x64.ActiveCfg = Release|Any CPU
		{9705097A-3C84-4A3E-8CDB-2664CFFF38BB}.Release|x64.Build.0 = Release|Any CPU
		{9705097A-3C84-4A3E-8CDB-2664CFFF38BB}.Release|x86.ActiveCfg = Release|Any CPU
		{9705097A-3C84-4A3E-8CDB-2664CFFF38BB}.Release|x86.Build.0 = Release|Any CPU
		{B38ABD4A-44EA-4315-BB9F-9C0C2836A2AB}.Debug|Any CPU.ActiveCfg = Debug|Any CPU
		{B38ABD4A-44EA-4315-BB9F-9C0C2836A2AB}.Debug|Any CPU.Build.0 = Debug|Any CPU
		{B38ABD4A-44EA-4315-BB9F-9C0C2836A2AB}.Debug|x64.ActiveCfg = Debug|Any CPU
		{B38ABD4A-44EA-4315-BB9F-9C0C2836A2AB}.Debug|x64.Build.0 = Debug|Any CPU
		{B38ABD4A-44EA-4315-BB9F-9C0C2836A2AB}.Debug|x86.ActiveCfg = Debug|Any CPU
		{B38ABD4A-44EA-4315-BB9F-9C0C2836A2AB}.Debug|x86.Build.0 = Debug|Any CPU
		{B38ABD4A-44EA-4315-BB9F-9C0C2836A2AB}.Release|Any CPU.ActiveCfg = Release|Any CPU
		{B38ABD4A-44EA-4315-BB9F-9C0C2836A2AB}.Release|Any CPU.Build.0 = Release|Any CPU
		{B38ABD4A-44EA-4315-BB9F-9C0C2836A2AB}.Release|x64.ActiveCfg = Release|Any CPU
		{B38ABD4A-44EA-4315-BB9F-9C0C2836A2AB}.Release|x64.Build.0 = Release|Any CPU
		{B38ABD4A-44EA-4315-BB9F-9C0C2836A2AB}.Release|x86.ActiveCfg = Release|Any CPU
		{B38ABD4A-44EA-4315-BB9F-9C0C2836A2AB}.Release|x86.Build.0 = Release|Any CPU
		{30EF3DC8-9140-41CD-A6B6-521F2E0C504F}.Debug|Any CPU.ActiveCfg = Debug|Any CPU
		{30EF3DC8-9140-41CD-A6B6-521F2E0C504F}.Debug|Any CPU.Build.0 = Debug|Any CPU
		{30EF3DC8-9140-41CD-A6B6-521F2E0C504F}.Debug|x64.ActiveCfg = Debug|Any CPU
		{30EF3DC8-9140-41CD-A6B6-521F2E0C504F}.Debug|x64.Build.0 = Debug|Any CPU
		{30EF3DC8-9140-41CD-A6B6-521F2E0C504F}.Debug|x86.ActiveCfg = Debug|Any CPU
		{30EF3DC8-9140-41CD-A6B6-521F2E0C504F}.Debug|x86.Build.0 = Debug|Any CPU
		{30EF3DC8-9140-41CD-A6B6-521F2E0C504F}.Release|Any CPU.ActiveCfg = Release|Any CPU
		{30EF3DC8-9140-41CD-A6B6-521F2E0C504F}.Release|Any CPU.Build.0 = Release|Any CPU
		{30EF3DC8-9140-41CD-A6B6-521F2E0C504F}.Release|x64.ActiveCfg = Release|Any CPU
		{30EF3DC8-9140-41CD-A6B6-521F2E0C504F}.Release|x64.Build.0 = Release|Any CPU
		{30EF3DC8-9140-41CD-A6B6-521F2E0C504F}.Release|x86.ActiveCfg = Release|Any CPU
		{30EF3DC8-9140-41CD-A6B6-521F2E0C504F}.Release|x86.Build.0 = Release|Any CPU
		{B99BD5CB-1ABA-49D5-AF75-C420F770C949}.Debug|Any CPU.ActiveCfg = Debug|Any CPU
		{B99BD5CB-1ABA-49D5-AF75-C420F770C949}.Debug|Any CPU.Build.0 = Debug|Any CPU
		{B99BD5CB-1ABA-49D5-AF75-C420F770C949}.Debug|x64.ActiveCfg = Debug|Any CPU
		{B99BD5CB-1ABA-49D5-AF75-C420F770C949}.Debug|x64.Build.0 = Debug|Any CPU
		{B99BD5CB-1ABA-49D5-AF75-C420F770C949}.Debug|x86.ActiveCfg = Debug|Any CPU
		{B99BD5CB-1ABA-49D5-AF75-C420F770C949}.Debug|x86.Build.0 = Debug|Any CPU
		{B99BD5CB-1ABA-49D5-AF75-C420F770C949}.Release|Any CPU.ActiveCfg = Release|Any CPU
		{B99BD5CB-1ABA-49D5-AF75-C420F770C949}.Release|Any CPU.Build.0 = Release|Any CPU
		{B99BD5CB-1ABA-49D5-AF75-C420F770C949}.Release|x64.ActiveCfg = Release|Any CPU
		{B99BD5CB-1ABA-49D5-AF75-C420F770C949}.Release|x64.Build.0 = Release|Any CPU
		{B99BD5CB-1ABA-49D5-AF75-C420F770C949}.Release|x86.ActiveCfg = Release|Any CPU
		{B99BD5CB-1ABA-49D5-AF75-C420F770C949}.Release|x86.Build.0 = Release|Any CPU
		{3ECAA14C-6E98-4847-B46A-897E0588B348}.Debug|Any CPU.ActiveCfg = Debug|Any CPU
		{3ECAA14C-6E98-4847-B46A-897E0588B348}.Debug|Any CPU.Build.0 = Debug|Any CPU
		{3ECAA14C-6E98-4847-B46A-897E0588B348}.Debug|x64.ActiveCfg = Debug|Any CPU
		{3ECAA14C-6E98-4847-B46A-897E0588B348}.Debug|x64.Build.0 = Debug|Any CPU
		{3ECAA14C-6E98-4847-B46A-897E0588B348}.Debug|x86.ActiveCfg = Debug|Any CPU
		{3ECAA14C-6E98-4847-B46A-897E0588B348}.Debug|x86.Build.0 = Debug|Any CPU
		{3ECAA14C-6E98-4847-B46A-897E0588B348}.Release|Any CPU.ActiveCfg = Release|Any CPU
		{3ECAA14C-6E98-4847-B46A-897E0588B348}.Release|Any CPU.Build.0 = Release|Any CPU
		{3ECAA14C-6E98-4847-B46A-897E0588B348}.Release|x64.ActiveCfg = Release|Any CPU
		{3ECAA14C-6E98-4847-B46A-897E0588B348}.Release|x64.Build.0 = Release|Any CPU
		{3ECAA14C-6E98-4847-B46A-897E0588B348}.Release|x86.ActiveCfg = Release|Any CPU
		{3ECAA14C-6E98-4847-B46A-897E0588B348}.Release|x86.Build.0 = Release|Any CPU
		{8D830905-6DB4-465D-BE29-D757ADED80C4}.Debug|Any CPU.ActiveCfg = Debug|Any CPU
		{8D830905-6DB4-465D-BE29-D757ADED80C4}.Debug|Any CPU.Build.0 = Debug|Any CPU
		{8D830905-6DB4-465D-BE29-D757ADED80C4}.Debug|x64.ActiveCfg = Debug|Any CPU
		{8D830905-6DB4-465D-BE29-D757ADED80C4}.Debug|x64.Build.0 = Debug|Any CPU
		{8D830905-6DB4-465D-BE29-D757ADED80C4}.Debug|x86.ActiveCfg = Debug|Any CPU
		{8D830905-6DB4-465D-BE29-D757ADED80C4}.Debug|x86.Build.0 = Debug|Any CPU
		{8D830905-6DB4-465D-BE29-D757ADED80C4}.Release|Any CPU.ActiveCfg = Release|Any CPU
		{8D830905-6DB4-465D-BE29-D757ADED80C4}.Release|Any CPU.Build.0 = Release|Any CPU
		{8D830905-6DB4-465D-BE29-D757ADED80C4}.Release|x64.ActiveCfg = Release|Any CPU
		{8D830905-6DB4-465D-BE29-D757ADED80C4}.Release|x64.Build.0 = Release|Any CPU
		{8D830905-6DB4-465D-BE29-D757ADED80C4}.Release|x86.ActiveCfg = Release|Any CPU
		{8D830905-6DB4-465D-BE29-D757ADED80C4}.Release|x86.Build.0 = Release|Any CPU
		{4EF5E9BA-B7EB-4CC9-8EA1-3417FA9A292D}.Debug|Any CPU.ActiveCfg = Debug|Any CPU
		{4EF5E9BA-B7EB-4CC9-8EA1-3417FA9A292D}.Debug|Any CPU.Build.0 = Debug|Any CPU
		{4EF5E9BA-B7EB-4CC9-8EA1-3417FA9A292D}.Debug|x64.ActiveCfg = Debug|Any CPU
		{4EF5E9BA-B7EB-4CC9-8EA1-3417FA9A292D}.Debug|x64.Build.0 = Debug|Any CPU
		{4EF5E9BA-B7EB-4CC9-8EA1-3417FA9A292D}.Debug|x86.ActiveCfg = Debug|Any CPU
		{4EF5E9BA-B7EB-4CC9-8EA1-3417FA9A292D}.Debug|x86.Build.0 = Debug|Any CPU
		{4EF5E9BA-B7EB-4CC9-8EA1-3417FA9A292D}.Release|Any CPU.ActiveCfg = Release|Any CPU
		{4EF5E9BA-B7EB-4CC9-8EA1-3417FA9A292D}.Release|Any CPU.Build.0 = Release|Any CPU
		{4EF5E9BA-B7EB-4CC9-8EA1-3417FA9A292D}.Release|x64.ActiveCfg = Release|Any CPU
		{4EF5E9BA-B7EB-4CC9-8EA1-3417FA9A292D}.Release|x64.Build.0 = Release|Any CPU
		{4EF5E9BA-B7EB-4CC9-8EA1-3417FA9A292D}.Release|x86.ActiveCfg = Release|Any CPU
		{4EF5E9BA-B7EB-4CC9-8EA1-3417FA9A292D}.Release|x86.Build.0 = Release|Any CPU
	EndGlobalSection
	GlobalSection(SolutionProperties) = preSolution
		HideSolutionNode = FALSE
	EndGlobalSection
	GlobalSection(NestedProjects) = preSolution
		{2EE907CD-EF94-40EB-9EA1-E4516BE8F9BD} = {7FE8D677-2B6F-40E0-98E4-BBEB3C7387CA}
		{22AEBE70-DF3F-4F20-98D8-6F46EFB3A8B7} = {7FE8D677-2B6F-40E0-98E4-BBEB3C7387CA}
		{9705097A-3C84-4A3E-8CDB-2664CFFF38BB} = {7FE8D677-2B6F-40E0-98E4-BBEB3C7387CA}
		{B38ABD4A-44EA-4315-BB9F-9C0C2836A2AB} = {7FE8D677-2B6F-40E0-98E4-BBEB3C7387CA}
		{30EF3DC8-9140-41CD-A6B6-521F2E0C504F} = {7FE8D677-2B6F-40E0-98E4-BBEB3C7387CA}
		{B99BD5CB-1ABA-49D5-AF75-C420F770C949} = {7FE8D677-2B6F-40E0-98E4-BBEB3C7387CA}
		{3ECAA14C-6E98-4847-B46A-897E0588B348} = {7FE8D677-2B6F-40E0-98E4-BBEB3C7387CA}
		{8D830905-6DB4-465D-BE29-D757ADED80C4} = {7FE8D677-2B6F-40E0-98E4-BBEB3C7387CA}
		{4EF5E9BA-B7EB-4CC9-8EA1-3417FA9A292D} = {7FE8D677-2B6F-40E0-98E4-BBEB3C7387CA}
	EndGlobalSection
	GlobalSection(ExtensibilityGlobals) = postSolution
		SolutionGuid = {653F0FCE-2D2A-488C-92F7-ECBEFE18C79F}
	EndGlobalSection
EndGlobal
