
Microsoft Visual Studio Solution File, Format Version 12.00
# Visual Studio Version 16
VisualStudioVersion = 16.0.30330.147
MinimumVisualStudioVersion = 15.0.26124.0
Project("{9A19103F-16F7-4668-BE54-9A1E7A4F7556}") = "ConsoleApp1", "src\ConsoleApp1\ConsoleApp1.csproj", "{E7F9EE7A-867B-4C35-B949-B85CA0080ED2}"
EndProject
Project("{2150E333-8FDC-42A3-9474-1A3956D46DE8}") = "src", "src", "{7FE8D677-2B6F-40E0-98E4-BBEB3C7387CA}"
	ProjectSection(SolutionItems) = preProject
		src\.dockerignore = src\.dockerignore
		src\directory.build.props = src\directory.build.props
		src\tye.yaml = src\tye.yaml
	EndProjectSection
EndProject
Project("{2150E333-8FDC-42A3-9474-1A3956D46DE8}") = "root", "root", "{6FCC29CD-B957-4C10-9322-1B6A54061BA5}"
	ProjectSection(SolutionItems) = preProject
		.gitignore = .gitignore
		directory.build.props = directory.build.props
		global.json = global.json
		LICENSE.md = LICENSE.md
		README.md = README.md
	EndProjectSection
EndProject
Project("{2150E333-8FDC-42A3-9474-1A3956D46DE8}") = "tests", "tests", "{0C1D8981-8228-4C22-8F51-D2DEA28EC0D0}"
EndProject
Project("{9A19103F-16F7-4668-BE54-9A1E7A4F7556}") = "ConsoleApp2", "src\ConsoleApp2\ConsoleApp2.csproj", "{B943FDC3-CC76-4787-BE30-15200C525BD0}"
EndProject
Project("{9A19103F-16F7-4668-BE54-9A1E7A4F7556}") = "Identity", "src\Identity\Identity.csproj", "{2EE907CD-EF94-40EB-9EA1-E4516BE8F9BD}"
EndProject
Project("{9A19103F-16F7-4668-BE54-9A1E7A4F7556}") = "Web", "src\Web\Web.csproj", "{6548507A-A1DF-45EF-B5ED-BAF913649C1E}"
EndProject
Project("{9A19103F-16F7-4668-BE54-9A1E7A4F7556}") = "Web.Data", "src\Web.Data\Web.Data.csproj", "{5B724450-1D7F-4128-8C40-10A553C11426}"
EndProject
Project("{9A19103F-16F7-4668-BE54-9A1E7A4F7556}") = "Web.RestApi", "src\Web.RestApi\Web.RestApi.csproj", "{B4FF7481-9FC0-4753-A9E1-ED72938846F9}"
EndProject
Project("{9A19103F-16F7-4668-BE54-9A1E7A4F7556}") = "UI.Web", "src\UI.Web\UI.Web.csproj", "{22AEBE70-DF3F-4F20-98D8-6F46EFB3A8B7}"
EndProject
Project("{9A19103F-16F7-4668-BE54-9A1E7A4F7556}") = "UI", "src\UI\UI.csproj", "{9705097A-3C84-4A3E-8CDB-2664CFFF38BB}"
EndProject
Project("{9A19103F-16F7-4668-BE54-9A1E7A4F7556}") = "Web.IntegrationTests", "tests\Web.IntegrationTests\Web.IntegrationTests.csproj", "{634BF698-B3CB-4A7C-AE05-34FF0489430D}"
EndProject
Project("{9A19103F-16F7-4668-BE54-9A1E7A4F7556}") = "Abstractions", "src\Abstractions\Abstractions.csproj", "{B38ABD4A-44EA-4315-BB9F-9C0C2836A2AB}"
EndProject
Project("{9A19103F-16F7-4668-BE54-9A1E7A4F7556}") = "CoreHost", "src\CoreHost\CoreHost.csproj", "{30EF3DC8-9140-41CD-A6B6-521F2E0C504F}"
EndProject
Global
	GlobalSection(SolutionConfigurationPlatforms) = preSolution
		Debug|Any CPU = Debug|Any CPU
		Debug|x64 = Debug|x64
		Debug|x86 = Debug|x86
		Release|Any CPU = Release|Any CPU
		Release|x64 = Release|x64
		Release|x86 = Release|x86
	EndGlobalSection
	GlobalSection(ProjectConfigurationPlatforms) = postSolution
		{E7F9EE7A-867B-4C35-B949-B85CA0080ED2}.Debug|Any CPU.ActiveCfg = Debug|Any CPU
		{E7F9EE7A-867B-4C35-B949-B85CA0080ED2}.Debug|Any CPU.Build.0 = Debug|Any CPU
		{E7F9EE7A-867B-4C35-B949-B85CA0080ED2}.Debug|x64.ActiveCfg = Debug|Any CPU
		{E7F9EE7A-867B-4C35-B949-B85CA0080ED2}.Debug|x64.Build.0 = Debug|Any CPU
		{E7F9EE7A-867B-4C35-B949-B85CA0080ED2}.Debug|x86.ActiveCfg = Debug|Any CPU
		{E7F9EE7A-867B-4C35-B949-B85CA0080ED2}.Debug|x86.Build.0 = Debug|Any CPU
		{E7F9EE7A-867B-4C35-B949-B85CA0080ED2}.Release|Any CPU.ActiveCfg = Release|Any CPU
		{E7F9EE7A-867B-4C35-B949-B85CA0080ED2}.Release|Any CPU.Build.0 = Release|Any CPU
		{E7F9EE7A-867B-4C35-B949-B85CA0080ED2}.Release|x64.ActiveCfg = Release|Any CPU
		{E7F9EE7A-867B-4C35-B949-B85CA0080ED2}.Release|x64.Build.0 = Release|Any CPU
		{E7F9EE7A-867B-4C35-B949-B85CA0080ED2}.Release|x86.ActiveCfg = Release|Any CPU
		{E7F9EE7A-867B-4C35-B949-B85CA0080ED2}.Release|x86.Build.0 = Release|Any CPU
		{B943FDC3-CC76-4787-BE30-15200C525BD0}.Debug|Any CPU.ActiveCfg = Debug|Any CPU
		{B943FDC3-CC76-4787-BE30-15200C525BD0}.Debug|Any CPU.Build.0 = Debug|Any CPU
		{B943FDC3-CC76-4787-BE30-15200C525BD0}.Debug|x64.ActiveCfg = Debug|Any CPU
		{B943FDC3-CC76-4787-BE30-15200C525BD0}.Debug|x64.Build.0 = Debug|Any CPU
		{B943FDC3-CC76-4787-BE30-15200C525BD0}.Debug|x86.ActiveCfg = Debug|Any CPU
		{B943FDC3-CC76-4787-BE30-15200C525BD0}.Debug|x86.Build.0 = Debug|Any CPU
		{B943FDC3-CC76-4787-BE30-15200C525BD0}.Release|Any CPU.ActiveCfg = Release|Any CPU
		{B943FDC3-CC76-4787-BE30-15200C525BD0}.Release|Any CPU.Build.0 = Release|Any CPU
		{B943FDC3-CC76-4787-BE30-15200C525BD0}.Release|x64.ActiveCfg = Release|Any CPU
		{B943FDC3-CC76-4787-BE30-15200C525BD0}.Release|x64.Build.0 = Release|Any CPU
		{B943FDC3-CC76-4787-BE30-15200C525BD0}.Release|x86.ActiveCfg = Release|Any CPU
		{B943FDC3-CC76-4787-BE30-15200C525BD0}.Release|x86.Build.0 = Release|Any CPU
		{2EE907CD-EF94-40EB-9EA1-E4516BE8F9BD}.Debug|Any CPU.ActiveCfg = Debug|Any CPU
		{2EE907CD-EF94-40EB-9EA1-E4516BE8F9BD}.Debug|Any CPU.Build.0 = Debug|Any CPU
		{2EE907CD-EF94-40EB-9EA1-E4516BE8F9BD}.Debug|x64.ActiveCfg = Debug|Any CPU
		{2EE907CD-EF94-40EB-9EA1-E4516BE8F9BD}.Debug|x64.Build.0 = Debug|Any CPU
		{2EE907CD-EF94-40EB-9EA1-E4516BE8F9BD}.Debug|x86.ActiveCfg = Debug|Any CPU
		{2EE907CD-EF94-40EB-9EA1-E4516BE8F9BD}.Debug|x86.Build.0 = Debug|Any CPU
		{2EE907CD-EF94-40EB-9EA1-E4516BE8F9BD}.Release|Any CPU.ActiveCfg = Release|Any CPU
		{2EE907CD-EF94-40EB-9EA1-E4516BE8F9BD}.Release|Any CPU.Build.0 = Release|Any CPU
		{2EE907CD-EF94-40EB-9EA1-E4516BE8F9BD}.Release|x64.ActiveCfg = Release|Any CPU
		{2EE907CD-EF94-40EB-9EA1-E4516BE8F9BD}.Release|x64.Build.0 = Release|Any CPU
		{2EE907CD-EF94-40EB-9EA1-E4516BE8F9BD}.Release|x86.ActiveCfg = Release|Any CPU
		{2EE907CD-EF94-40EB-9EA1-E4516BE8F9BD}.Release|x86.Build.0 = Release|Any CPU
		{6548507A-A1DF-45EF-B5ED-BAF913649C1E}.Debug|Any CPU.ActiveCfg = Debug|Any CPU
		{6548507A-A1DF-45EF-B5ED-BAF913649C1E}.Debug|Any CPU.Build.0 = Debug|Any CPU
		{6548507A-A1DF-45EF-B5ED-BAF913649C1E}.Debug|x64.ActiveCfg = Debug|Any CPU
		{6548507A-A1DF-45EF-B5ED-BAF913649C1E}.Debug|x64.Build.0 = Debug|Any CPU
		{6548507A-A1DF-45EF-B5ED-BAF913649C1E}.Debug|x86.ActiveCfg = Debug|Any CPU
		{6548507A-A1DF-45EF-B5ED-BAF913649C1E}.Debug|x86.Build.0 = Debug|Any CPU
		{6548507A-A1DF-45EF-B5ED-BAF913649C1E}.Release|Any CPU.ActiveCfg = Release|Any CPU
		{6548507A-A1DF-45EF-B5ED-BAF913649C1E}.Release|Any CPU.Build.0 = Release|Any CPU
		{6548507A-A1DF-45EF-B5ED-BAF913649C1E}.Release|x64.ActiveCfg = Release|Any CPU
		{6548507A-A1DF-45EF-B5ED-BAF913649C1E}.Release|x64.Build.0 = Release|Any CPU
		{6548507A-A1DF-45EF-B5ED-BAF913649C1E}.Release|x86.ActiveCfg = Release|Any CPU
		{6548507A-A1DF-45EF-B5ED-BAF913649C1E}.Release|x86.Build.0 = Release|Any CPU
		{5B724450-1D7F-4128-8C40-10A553C11426}.Debug|Any CPU.ActiveCfg = Debug|Any CPU
		{5B724450-1D7F-4128-8C40-10A553C11426}.Debug|Any CPU.Build.0 = Debug|Any CPU
		{5B724450-1D7F-4128-8C40-10A553C11426}.Debug|x64.ActiveCfg = Debug|Any CPU
		{5B724450-1D7F-4128-8C40-10A553C11426}.Debug|x64.Build.0 = Debug|Any CPU
		{5B724450-1D7F-4128-8C40-10A553C11426}.Debug|x86.ActiveCfg = Debug|Any CPU
		{5B724450-1D7F-4128-8C40-10A553C11426}.Debug|x86.Build.0 = Debug|Any CPU
		{5B724450-1D7F-4128-8C40-10A553C11426}.Release|Any CPU.ActiveCfg = Release|Any CPU
		{5B724450-1D7F-4128-8C40-10A553C11426}.Release|Any CPU.Build.0 = Release|Any CPU
		{5B724450-1D7F-4128-8C40-10A553C11426}.Release|x64.ActiveCfg = Release|Any CPU
		{5B724450-1D7F-4128-8C40-10A553C11426}.Release|x64.Build.0 = Release|Any CPU
		{5B724450-1D7F-4128-8C40-10A553C11426}.Release|x86.ActiveCfg = Release|Any CPU
		{5B724450-1D7F-4128-8C40-10A553C11426}.Release|x86.Build.0 = Release|Any CPU
		{B4FF7481-9FC0-4753-A9E1-ED72938846F9}.Debug|Any CPU.ActiveCfg = Debug|Any CPU
		{B4FF7481-9FC0-4753-A9E1-ED72938846F9}.Debug|Any CPU.Build.0 = Debug|Any CPU
		{B4FF7481-9FC0-4753-A9E1-ED72938846F9}.Debug|x64.ActiveCfg = Debug|Any CPU
		{B4FF7481-9FC0-4753-A9E1-ED72938846F9}.Debug|x64.Build.0 = Debug|Any CPU
		{B4FF7481-9FC0-4753-A9E1-ED72938846F9}.Debug|x86.ActiveCfg = Debug|Any CPU
		{B4FF7481-9FC0-4753-A9E1-ED72938846F9}.Debug|x86.Build.0 = Debug|Any CPU
		{B4FF7481-9FC0-4753-A9E1-ED72938846F9}.Release|Any CPU.ActiveCfg = Release|Any CPU
		{B4FF7481-9FC0-4753-A9E1-ED72938846F9}.Release|Any CPU.Build.0 = Release|Any CPU
		{B4FF7481-9FC0-4753-A9E1-ED72938846F9}.Release|x64.ActiveCfg = Release|Any CPU
		{B4FF7481-9FC0-4753-A9E1-ED72938846F9}.Release|x64.Build.0 = Release|Any CPU
		{B4FF7481-9FC0-4753-A9E1-ED72938846F9}.Release|x86.ActiveCfg = Release|Any CPU
		{B4FF7481-9FC0-4753-A9E1-ED72938846F9}.Release|x86.Build.0 = Release|Any CPU
		{22AEBE70-DF3F-4F20-98D8-6F46EFB3A8B7}.Debug|Any CPU.ActiveCfg = Debug|Any CPU
		{22AEBE70-DF3F-4F20-98D8-6F46EFB3A8B7}.Debug|Any CPU.Build.0 = Debug|Any CPU
		{22AEBE70-DF3F-4F20-98D8-6F46EFB3A8B7}.Debug|x64.ActiveCfg = Debug|Any CPU
		{22AEBE70-DF3F-4F20-98D8-6F46EFB3A8B7}.Debug|x64.Build.0 = Debug|Any CPU
		{22AEBE70-DF3F-4F20-98D8-6F46EFB3A8B7}.Debug|x86.ActiveCfg = Debug|Any CPU
		{22AEBE70-DF3F-4F20-98D8-6F46EFB3A8B7}.Debug|x86.Build.0 = Debug|Any CPU
		{22AEBE70-DF3F-4F20-98D8-6F46EFB3A8B7}.Release|Any CPU.ActiveCfg = Release|Any CPU
		{22AEBE70-DF3F-4F20-98D8-6F46EFB3A8B7}.Release|Any CPU.Build.0 = Release|Any CPU
		{22AEBE70-DF3F-4F20-98D8-6F46EFB3A8B7}.Release|x64.ActiveCfg = Release|Any CPU
		{22AEBE70-DF3F-4F20-98D8-6F46EFB3A8B7}.Release|x64.Build.0 = Release|Any CPU
		{22AEBE70-DF3F-4F20-98D8-6F46EFB3A8B7}.Release|x86.ActiveCfg = Release|Any CPU
		{22AEBE70-DF3F-4F20-98D8-6F46EFB3A8B7}.Release|x86.Build.0 = Release|Any CPU
		{9705097A-3C84-4A3E-8CDB-2664CFFF38BB}.Debug|Any CPU.ActiveCfg = Debug|Any CPU
		{9705097A-3C84-4A3E-8CDB-2664CFFF38BB}.Debug|Any CPU.Build.0 = Debug|Any CPU
		{9705097A-3C84-4A3E-8CDB-2664CFFF38BB}.Debug|x64.ActiveCfg = Debug|Any CPU
		{9705097A-3C84-4A3E-8CDB-2664CFFF38BB}.Debug|x64.Build.0 = Debug|Any CPU
		{9705097A-3C84-4A3E-8CDB-2664CFFF38BB}.Debug|x86.ActiveCfg = Debug|Any CPU
		{9705097A-3C84-4A3E-8CDB-2664CFFF38BB}.Debug|x86.Build.0 = Debug|Any CPU
		{9705097A-3C84-4A3E-8CDB-2664CFFF38BB}.Release|Any CPU.ActiveCfg = Release|Any CPU
		{9705097A-3C84-4A3E-8CDB-2664CFFF38BB}.Release|Any CPU.Build.0 = Release|Any CPU
		{9705097A-3C84-4A3E-8CDB-2664CFFF38BB}.Release|x64.ActiveCfg = Release|Any CPU
		{9705097A-3C84-4A3E-8CDB-2664CFFF38BB}.Release|x64.Build.0 = Release|Any CPU
		{9705097A-3C84-4A3E-8CDB-2664CFFF38BB}.Release|x86.ActiveCfg = Release|Any CPU
		{9705097A-3C84-4A3E-8CDB-2664CFFF38BB}.Release|x86.Build.0 = Release|Any CPU
		{634BF698-B3CB-4A7C-AE05-34FF0489430D}.Debug|Any CPU.ActiveCfg = Debug|Any CPU
		{634BF698-B3CB-4A7C-AE05-34FF0489430D}.Debug|Any CPU.Build.0 = Debug|Any CPU
		{634BF698-B3CB-4A7C-AE05-34FF0489430D}.Debug|x64.ActiveCfg = Debug|Any CPU
		{634BF698-B3CB-4A7C-AE05-34FF0489430D}.Debug|x64.Build.0 = Debug|Any CPU
		{634BF698-B3CB-4A7C-AE05-34FF0489430D}.Debug|x86.ActiveCfg = Debug|Any CPU
		{634BF698-B3CB-4A7C-AE05-34FF0489430D}.Debug|x86.Build.0 = Debug|Any CPU
		{634BF698-B3CB-4A7C-AE05-34FF0489430D}.Release|Any CPU.ActiveCfg = Release|Any CPU
		{634BF698-B3CB-4A7C-AE05-34FF0489430D}.Release|Any CPU.Build.0 = Release|Any CPU
		{634BF698-B3CB-4A7C-AE05-34FF0489430D}.Release|x64.ActiveCfg = Release|Any CPU
		{634BF698-B3CB-4A7C-AE05-34FF0489430D}.Release|x64.Build.0 = Release|Any CPU
		{634BF698-B3CB-4A7C-AE05-34FF0489430D}.Release|x86.ActiveCfg = Release|Any CPU
		{634BF698-B3CB-4A7C-AE05-34FF0489430D}.Release|x86.Build.0 = Release|Any CPU
		{B38ABD4A-44EA-4315-BB9F-9C0C2836A2AB}.Debug|Any CPU.ActiveCfg = Debug|Any CPU
		{B38ABD4A-44EA-4315-BB9F-9C0C2836A2AB}.Debug|Any CPU.Build.0 = Debug|Any CPU
		{B38ABD4A-44EA-4315-BB9F-9C0C2836A2AB}.Debug|x64.ActiveCfg = Debug|Any CPU
		{B38ABD4A-44EA-4315-BB9F-9C0C2836A2AB}.Debug|x64.Build.0 = Debug|Any CPU
		{B38ABD4A-44EA-4315-BB9F-9C0C2836A2AB}.Debug|x86.ActiveCfg = Debug|Any CPU
		{B38ABD4A-44EA-4315-BB9F-9C0C2836A2AB}.Debug|x86.Build.0 = Debug|Any CPU
		{B38ABD4A-44EA-4315-BB9F-9C0C2836A2AB}.Release|Any CPU.ActiveCfg = Release|Any CPU
		{B38ABD4A-44EA-4315-BB9F-9C0C2836A2AB}.Release|Any CPU.Build.0 = Release|Any CPU
		{B38ABD4A-44EA-4315-BB9F-9C0C2836A2AB}.Release|x64.ActiveCfg = Release|Any CPU
		{B38ABD4A-44EA-4315-BB9F-9C0C2836A2AB}.Release|x64.Build.0 = Release|Any CPU
		{B38ABD4A-44EA-4315-BB9F-9C0C2836A2AB}.Release|x86.ActiveCfg = Release|Any CPU
		{B38ABD4A-44EA-4315-BB9F-9C0C2836A2AB}.Release|x86.Build.0 = Release|Any CPU
		{30EF3DC8-9140-41CD-A6B6-521F2E0C504F}.Debug|Any CPU.ActiveCfg = Debug|Any CPU
		{30EF3DC8-9140-41CD-A6B6-521F2E0C504F}.Debug|Any CPU.Build.0 = Debug|Any CPU
		{30EF3DC8-9140-41CD-A6B6-521F2E0C504F}.Debug|x64.ActiveCfg = Debug|Any CPU
		{30EF3DC8-9140-41CD-A6B6-521F2E0C504F}.Debug|x64.Build.0 = Debug|Any CPU
		{30EF3DC8-9140-41CD-A6B6-521F2E0C504F}.Debug|x86.ActiveCfg = Debug|Any CPU
		{30EF3DC8-9140-41CD-A6B6-521F2E0C504F}.Debug|x86.Build.0 = Debug|Any CPU
		{30EF3DC8-9140-41CD-A6B6-521F2E0C504F}.Release|Any CPU.ActiveCfg = Release|Any CPU
		{30EF3DC8-9140-41CD-A6B6-521F2E0C504F}.Release|Any CPU.Build.0 = Release|Any CPU
		{30EF3DC8-9140-41CD-A6B6-521F2E0C504F}.Release|x64.ActiveCfg = Release|Any CPU
		{30EF3DC8-9140-41CD-A6B6-521F2E0C504F}.Release|x64.Build.0 = Release|Any CPU
		{30EF3DC8-9140-41CD-A6B6-521F2E0C504F}.Release|x86.ActiveCfg = Release|Any CPU
		{30EF3DC8-9140-41CD-A6B6-521F2E0C504F}.Release|x86.Build.0 = Release|Any CPU
	EndGlobalSection
	GlobalSection(SolutionProperties) = preSolution
		HideSolutionNode = FALSE
	EndGlobalSection
	GlobalSection(NestedProjects) = preSolution
		{2EE907CD-EF94-40EB-9EA1-E4516BE8F9BD} = {7FE8D677-2B6F-40E0-98E4-BBEB3C7387CA}
		{6548507A-A1DF-45EF-B5ED-BAF913649C1E} = {7FE8D677-2B6F-40E0-98E4-BBEB3C7387CA}
		{5B724450-1D7F-4128-8C40-10A553C11426} = {7FE8D677-2B6F-40E0-98E4-BBEB3C7387CA}
		{B4FF7481-9FC0-4753-A9E1-ED72938846F9} = {7FE8D677-2B6F-40E0-98E4-BBEB3C7387CA}
		{22AEBE70-DF3F-4F20-98D8-6F46EFB3A8B7} = {7FE8D677-2B6F-40E0-98E4-BBEB3C7387CA}
		{9705097A-3C84-4A3E-8CDB-2664CFFF38BB} = {7FE8D677-2B6F-40E0-98E4-BBEB3C7387CA}
		{634BF698-B3CB-4A7C-AE05-34FF0489430D} = {0C1D8981-8228-4C22-8F51-D2DEA28EC0D0}
		{B38ABD4A-44EA-4315-BB9F-9C0C2836A2AB} = {7FE8D677-2B6F-40E0-98E4-BBEB3C7387CA}
		{30EF3DC8-9140-41CD-A6B6-521F2E0C504F} = {7FE8D677-2B6F-40E0-98E4-BBEB3C7387CA}
	EndGlobalSection
	GlobalSection(ExtensibilityGlobals) = postSolution
		SolutionGuid = {653F0FCE-2D2A-488C-92F7-ECBEFE18C79F}
	EndGlobalSection
EndGlobal
